
Microsoft Visual Studio Solution File, Format Version 12.00
# Visual Studio 2013
VisualStudioVersion = 12.0.40629.0
MinimumVisualStudioVersion = 10.0.40219.1
Project("{8BC9CEB8-8B4A-11D0-8D11-00A0C91BC942}") = "kimbits", "kimbits\kimbits.vcxproj", "{294D65F8-A63F-44BE-A1F2-CBEFD2FFF572}"
EndProject
Global
	GlobalSection(SolutionConfigurationPlatforms) = preSolution
		Debug|Win32 = Debug|Win32
		Release|Win32 = Release|Win32
	EndGlobalSection
	GlobalSection(ProjectConfigurationPlatforms) = postSolution
		{294D65F8-A63F-44BE-A1F2-CBEFD2FFF572}.Debug|Win32.ActiveCfg = Debug|Win32
		{294D65F8-A63F-44BE-A1F2-CBEFD2FFF572}.Debug|Win32.Build.0 = Debug|Win32
		{294D65F8-A63F-44BE-A1F2-CBEFD2FFF572}.Release|Win32.ActiveCfg = Release|Win32
		{294D65F8-A63F-44BE-A1F2-CBEFD2FFF572}.Release|Win32.Build.0 = Release|Win32
	EndGlobalSection
	GlobalSection(SolutionProperties) = preSolution
		HideSolutionNode = FALSE
	EndGlobalSection
EndGlobal
